// !$*UTF8*$!
{
	archiveVersion = 1;
	classes = {
	};
	objectVersion = 55;
	objects = {

/* Begin PBXBuildFile section */
		0739D0E7F8629FCFB47CAC64 /* Pods_ListApp.framework in Frameworks */ = {isa = PBXBuildFile; fileRef = B694F147CAB2529F530A3E0C /* Pods_ListApp.framework */; };
		9246FE27671EE3185AA24F49 /* Pods_ListApp_ListAppUITests.framework in Frameworks */ = {isa = PBXBuildFile; fileRef = DD4B00BC2D9AA01F569C3184 /* Pods_ListApp_ListAppUITests.framework */; };
		B07F6D5BC7C230DD0EA1DCA7 /* Pods_ListAppTests.framework in Frameworks */ = {isa = PBXBuildFile; fileRef = EBF476693669B76330320BD6 /* Pods_ListAppTests.framework */; };
		C00DFB162923F544003D4520 /* AppDelegate.swift in Sources */ = {isa = PBXBuildFile; fileRef = C00DFB152923F544003D4520 /* AppDelegate.swift */; };
		C00DFB1D2923F544003D4520 /* Main.storyboard in Resources */ = {isa = PBXBuildFile; fileRef = C00DFB1B2923F544003D4520 /* Main.storyboard */; };
		C00DFB1F2923F547003D4520 /* Assets.xcassets in Resources */ = {isa = PBXBuildFile; fileRef = C00DFB1E2923F547003D4520 /* Assets.xcassets */; };
		C00DFB222923F547003D4520 /* LaunchScreen.storyboard in Resources */ = {isa = PBXBuildFile; fileRef = C00DFB202923F547003D4520 /* LaunchScreen.storyboard */; };
		C00DFB2D2923F548003D4520 /* ListAppTests.swift in Sources */ = {isa = PBXBuildFile; fileRef = C00DFB2C2923F548003D4520 /* ListAppTests.swift */; };
		C00DFB372923F548003D4520 /* ListAppUITests.swift in Sources */ = {isa = PBXBuildFile; fileRef = C00DFB362923F548003D4520 /* ListAppUITests.swift */; };
		C00DFB392923F548003D4520 /* ListAppUITestsLaunchTests.swift in Sources */ = {isa = PBXBuildFile; fileRef = C00DFB382923F548003D4520 /* ListAppUITestsLaunchTests.swift */; };
		C00DFB462923F7E2003D4520 /* Network in Resources */ = {isa = PBXBuildFile; fileRef = C00DFB452923F7E2003D4520 /* Network */; };
		C00DFB4B29240263003D4520 /* List.swift in Sources */ = {isa = PBXBuildFile; fileRef = C00DFB4A29240263003D4520 /* List.swift */; };
		E346104729256DDD00080405 /* LoginViewController.swift in Sources */ = {isa = PBXBuildFile; fileRef = 7BBBA8D029241D820093DB67 /* LoginViewController.swift */; };
		E3689B6229245EA100160FE9 /* AddListViewController.swift in Sources */ = {isa = PBXBuildFile; fileRef = E3689B6129245EA100160FE9 /* AddListViewController.swift */; };
		E368E20A29245351006F1F35 /* SceneDelegate.swift in Sources */ = {isa = PBXBuildFile; fileRef = C00DFB172923F544003D4520 /* SceneDelegate.swift */; };
		E3778B1E29245FD100B2DE4D /* ListsViewController.swift in Sources */ = {isa = PBXBuildFile; fileRef = E3778B1D29245FD100B2DE4D /* ListsViewController.swift */; };
		E3778B2029245FD700B2DE4D /* ItemsViewController.swift in Sources */ = {isa = PBXBuildFile; fileRef = E3778B1F29245FD700B2DE4D /* ItemsViewController.swift */; };
		E3778B2529256C1500B2DE4D /* ItemCell.swift in Sources */ = {isa = PBXBuildFile; fileRef = E3778B2429256C1500B2DE4D /* ItemCell.swift */; };
		E3778B2729256C1900B2DE4D /* ItemSearchedCell.swift in Sources */ = {isa = PBXBuildFile; fileRef = E3778B2629256C1900B2DE4D /* ItemSearchedCell.swift */; };
		E3778B2929256C1E00B2DE4D /* ListCell.swift in Sources */ = {isa = PBXBuildFile; fileRef = E3778B2829256C1E00B2DE4D /* ListCell.swift */; };
/* End PBXBuildFile section */

/* Begin PBXContainerItemProxy section */
		C00DFB292923F548003D4520 /* PBXContainerItemProxy */ = {
			isa = PBXContainerItemProxy;
			containerPortal = C00DFB0A2923F544003D4520 /* Project object */;
			proxyType = 1;
			remoteGlobalIDString = C00DFB112923F544003D4520;
			remoteInfo = ListApp;
		};
		C00DFB332923F548003D4520 /* PBXContainerItemProxy */ = {
			isa = PBXContainerItemProxy;
			containerPortal = C00DFB0A2923F544003D4520 /* Project object */;
			proxyType = 1;
			remoteGlobalIDString = C00DFB112923F544003D4520;
			remoteInfo = ListApp;
		};
/* End PBXContainerItemProxy section */

/* Begin PBXFileReference section */
		00AAC75A06BE51CE1D0C1116 /* Pods-ListAppTests.release.xcconfig */ = {isa = PBXFileReference; includeInIndex = 1; lastKnownFileType = text.xcconfig; name = "Pods-ListAppTests.release.xcconfig"; path = "Target Support Files/Pods-ListAppTests/Pods-ListAppTests.release.xcconfig"; sourceTree = "<group>"; };
		5BBAF8199C3FBBF13269E6C0 /* Pods-ListApp-ListAppUITests.release.xcconfig */ = {isa = PBXFileReference; includeInIndex = 1; lastKnownFileType = text.xcconfig; name = "Pods-ListApp-ListAppUITests.release.xcconfig"; path = "Target Support Files/Pods-ListApp-ListAppUITests/Pods-ListApp-ListAppUITests.release.xcconfig"; sourceTree = "<group>"; };
		5E04C4386ADD90E0DF39C80B /* Pods-ListApp.release.xcconfig */ = {isa = PBXFileReference; includeInIndex = 1; lastKnownFileType = text.xcconfig; name = "Pods-ListApp.release.xcconfig"; path = "Target Support Files/Pods-ListApp/Pods-ListApp.release.xcconfig"; sourceTree = "<group>"; };
		6B7D95127643BA6727B4A126 /* Pods-ListApp-ListAppUITests.debug.xcconfig */ = {isa = PBXFileReference; includeInIndex = 1; lastKnownFileType = text.xcconfig; name = "Pods-ListApp-ListAppUITests.debug.xcconfig"; path = "Target Support Files/Pods-ListApp-ListAppUITests/Pods-ListApp-ListAppUITests.debug.xcconfig"; sourceTree = "<group>"; };
		745782BF132739504ED827EA /* Pods-ListApp.debug.xcconfig */ = {isa = PBXFileReference; includeInIndex = 1; lastKnownFileType = text.xcconfig; name = "Pods-ListApp.debug.xcconfig"; path = "Target Support Files/Pods-ListApp/Pods-ListApp.debug.xcconfig"; sourceTree = "<group>"; };
		7BBBA8D029241D820093DB67 /* LoginViewController.swift */ = {isa = PBXFileReference; lastKnownFileType = sourcecode.swift; path = LoginViewController.swift; sourceTree = "<group>"; };
		B694F147CAB2529F530A3E0C /* Pods_ListApp.framework */ = {isa = PBXFileReference; explicitFileType = wrapper.framework; includeInIndex = 0; path = Pods_ListApp.framework; sourceTree = BUILT_PRODUCTS_DIR; };
		C00DFB122923F544003D4520 /* ListApp.app */ = {isa = PBXFileReference; explicitFileType = wrapper.application; includeInIndex = 0; path = ListApp.app; sourceTree = BUILT_PRODUCTS_DIR; };
		C00DFB152923F544003D4520 /* AppDelegate.swift */ = {isa = PBXFileReference; lastKnownFileType = sourcecode.swift; path = AppDelegate.swift; sourceTree = "<group>"; };
		C00DFB172923F544003D4520 /* SceneDelegate.swift */ = {isa = PBXFileReference; lastKnownFileType = sourcecode.swift; path = SceneDelegate.swift; sourceTree = "<group>"; };
		C00DFB1C2923F544003D4520 /* Base */ = {isa = PBXFileReference; lastKnownFileType = file.storyboard; name = Base; path = Base.lproj/Main.storyboard; sourceTree = "<group>"; };
		C00DFB1E2923F547003D4520 /* Assets.xcassets */ = {isa = PBXFileReference; lastKnownFileType = folder.assetcatalog; path = Assets.xcassets; sourceTree = "<group>"; };
		C00DFB212923F547003D4520 /* Base */ = {isa = PBXFileReference; lastKnownFileType = file.storyboard; name = Base; path = Base.lproj/LaunchScreen.storyboard; sourceTree = "<group>"; };
		C00DFB232923F547003D4520 /* Info.plist */ = {isa = PBXFileReference; lastKnownFileType = text.plist.xml; path = Info.plist; sourceTree = "<group>"; };
		C00DFB282923F548003D4520 /* ListAppTests.xctest */ = {isa = PBXFileReference; explicitFileType = wrapper.cfbundle; includeInIndex = 0; path = ListAppTests.xctest; sourceTree = BUILT_PRODUCTS_DIR; };
		C00DFB2C2923F548003D4520 /* ListAppTests.swift */ = {isa = PBXFileReference; lastKnownFileType = sourcecode.swift; path = ListAppTests.swift; sourceTree = "<group>"; };
		C00DFB322923F548003D4520 /* ListAppUITests.xctest */ = {isa = PBXFileReference; explicitFileType = wrapper.cfbundle; includeInIndex = 0; path = ListAppUITests.xctest; sourceTree = BUILT_PRODUCTS_DIR; };
		C00DFB362923F548003D4520 /* ListAppUITests.swift */ = {isa = PBXFileReference; lastKnownFileType = sourcecode.swift; path = ListAppUITests.swift; sourceTree = "<group>"; };
		C00DFB382923F548003D4520 /* ListAppUITestsLaunchTests.swift */ = {isa = PBXFileReference; lastKnownFileType = sourcecode.swift; path = ListAppUITestsLaunchTests.swift; sourceTree = "<group>"; };
		C00DFB452923F7E2003D4520 /* Network */ = {isa = PBXFileReference; lastKnownFileType = folder; path = Network; sourceTree = "<group>"; };
		C00DFB4A29240263003D4520 /* List.swift */ = {isa = PBXFileReference; lastKnownFileType = sourcecode.swift; path = List.swift; sourceTree = "<group>"; };
		C00DFB4C29240275003D4520 /* ListInfo.swift */ = {isa = PBXFileReference; lastKnownFileType = sourcecode.swift; path = ListInfo.swift; sourceTree = "<group>"; };
		C993431BF06C2B6C5FFDE60F /* Pods-ListAppTests.debug.xcconfig */ = {isa = PBXFileReference; includeInIndex = 1; lastKnownFileType = text.xcconfig; name = "Pods-ListAppTests.debug.xcconfig"; path = "Target Support Files/Pods-ListAppTests/Pods-ListAppTests.debug.xcconfig"; sourceTree = "<group>"; };
		DD4B00BC2D9AA01F569C3184 /* Pods_ListApp_ListAppUITests.framework */ = {isa = PBXFileReference; explicitFileType = wrapper.framework; includeInIndex = 0; path = Pods_ListApp_ListAppUITests.framework; sourceTree = BUILT_PRODUCTS_DIR; };
		E306EC582923FBCF00A44D13 /* ListsViewController.swift */ = {isa = PBXFileReference; lastKnownFileType = sourcecode.swift; path = ListsViewController.swift; sourceTree = "<group>"; };
		E306EC5A2923FDF300A44D13 /* LoginViewController.swift */ = {isa = PBXFileReference; lastKnownFileType = sourcecode.swift; path = LoginViewController.swift; sourceTree = "<group>"; };
		E306EC5D292407B700A44D13 /* ListCell.swift */ = {isa = PBXFileReference; lastKnownFileType = sourcecode.swift; path = ListCell.swift; sourceTree = "<group>"; };
		E306EC5F2924111A00A44D13 /* AddListViewController.swift */ = {isa = PBXFileReference; lastKnownFileType = sourcecode.swift; path = AddListViewController.swift; sourceTree = "<group>"; };
		E306EC612924171300A44D13 /* ItemsViewController.swift */ = {isa = PBXFileReference; lastKnownFileType = sourcecode.swift; path = ItemsViewController.swift; sourceTree = "<group>"; };
		E3689B6129245EA100160FE9 /* AddListViewController.swift */ = {isa = PBXFileReference; fileEncoding = 4; lastKnownFileType = sourcecode.swift; name = AddListViewController.swift; path = ListApp/ViewControllers/AddListViewController.swift; sourceTree = SOURCE_ROOT; };
		E3778B1D29245FD100B2DE4D /* ListsViewController.swift */ = {isa = PBXFileReference; lastKnownFileType = sourcecode.swift; path = ListsViewController.swift; sourceTree = "<group>"; };
		E3778B1F29245FD700B2DE4D /* ItemsViewController.swift */ = {isa = PBXFileReference; lastKnownFileType = sourcecode.swift; path = ItemsViewController.swift; sourceTree = "<group>"; };
		E3778B2429256C1500B2DE4D /* ItemCell.swift */ = {isa = PBXFileReference; fileEncoding = 4; lastKnownFileType = sourcecode.swift; name = ItemCell.swift; path = ListApp/TableViewCells/ItemCell.swift; sourceTree = SOURCE_ROOT; };
		E3778B2629256C1900B2DE4D /* ItemSearchedCell.swift */ = {isa = PBXFileReference; lastKnownFileType = sourcecode.swift; path = ItemSearchedCell.swift; sourceTree = "<group>"; };
		E3778B2829256C1E00B2DE4D /* ListCell.swift */ = {isa = PBXFileReference; fileEncoding = 4; lastKnownFileType = sourcecode.swift; name = ListCell.swift; path = ListApp/TableViewCells/ListCell.swift; sourceTree = SOURCE_ROOT; };
		E3B0842A292426040028F308 /* ItemCell.swift */ = {isa = PBXFileReference; lastKnownFileType = sourcecode.swift; path = ItemCell.swift; sourceTree = "<group>"; };
		E3B0842C292430E00028F308 /* ItemSearchedCell.swift */ = {isa = PBXFileReference; lastKnownFileType = sourcecode.swift; path = ItemSearchedCell.swift; sourceTree = "<group>"; };
		EBF476693669B76330320BD6 /* Pods_ListAppTests.framework */ = {isa = PBXFileReference; explicitFileType = wrapper.framework; includeInIndex = 0; path = Pods_ListAppTests.framework; sourceTree = BUILT_PRODUCTS_DIR; };
/* End PBXFileReference section */

/* Begin PBXFrameworksBuildPhase section */
		C00DFB0F2923F544003D4520 /* Frameworks */ = {
			isa = PBXFrameworksBuildPhase;
			buildActionMask = 2147483647;
			files = (
				0739D0E7F8629FCFB47CAC64 /* Pods_ListApp.framework in Frameworks */,
			);
			runOnlyForDeploymentPostprocessing = 0;
		};
		C00DFB252923F548003D4520 /* Frameworks */ = {
			isa = PBXFrameworksBuildPhase;
			buildActionMask = 2147483647;
			files = (
				B07F6D5BC7C230DD0EA1DCA7 /* Pods_ListAppTests.framework in Frameworks */,
			);
			runOnlyForDeploymentPostprocessing = 0;
		};
		C00DFB2F2923F548003D4520 /* Frameworks */ = {
			isa = PBXFrameworksBuildPhase;
			buildActionMask = 2147483647;
			files = (
				9246FE27671EE3185AA24F49 /* Pods_ListApp_ListAppUITests.framework in Frameworks */,
			);
			runOnlyForDeploymentPostprocessing = 0;
		};
/* End PBXFrameworksBuildPhase section */

/* Begin PBXGroup section */
		BA91A732C8835272395B9D72 /* Frameworks */ = {
			isa = PBXGroup;
			children = (
				B694F147CAB2529F530A3E0C /* Pods_ListApp.framework */,
				DD4B00BC2D9AA01F569C3184 /* Pods_ListApp_ListAppUITests.framework */,
				EBF476693669B76330320BD6 /* Pods_ListAppTests.framework */,
			);
			name = Frameworks;
			sourceTree = "<group>";
		};
		C00DFB092923F544003D4520 = {
			isa = PBXGroup;
			children = (
				C00DFB142923F544003D4520 /* ListApp */,
				C00DFB2B2923F548003D4520 /* ListAppTests */,
				C00DFB352923F548003D4520 /* ListAppUITests */,
				C00DFB132923F544003D4520 /* Products */,
				DD5B1ADD2AE9FD0ABE264504 /* Pods */,
				BA91A732C8835272395B9D72 /* Frameworks */,
				E368E203292451C1006F1F35 /* Recovered References */,
			);
			sourceTree = "<group>";
		};
		C00DFB132923F544003D4520 /* Products */ = {
			isa = PBXGroup;
			children = (
				C00DFB122923F544003D4520 /* ListApp.app */,
				C00DFB282923F548003D4520 /* ListAppTests.xctest */,
				C00DFB322923F548003D4520 /* ListAppUITests.xctest */,
			);
			name = Products;
			sourceTree = "<group>";
		};
		C00DFB142923F544003D4520 /* ListApp */ = {
			isa = PBXGroup;
			children = (
				E3778B2329256BF700B2DE4D /* TableViewCell */,
				E3689B6029245E8100160FE9 /* ViewController */,
				C00DFB4929240230003D4520 /* Containers */,
				C00DFB452923F7E2003D4520 /* Network */,
				C00DFB152923F544003D4520 /* AppDelegate.swift */,
				C00DFB172923F544003D4520 /* SceneDelegate.swift */,
				7BBBA8D029241D820093DB67 /* LoginViewController.swift */,
				C00DFB1B2923F544003D4520 /* Main.storyboard */,
				C00DFB1E2923F547003D4520 /* Assets.xcassets */,
				C00DFB202923F547003D4520 /* LaunchScreen.storyboard */,
				C00DFB232923F547003D4520 /* Info.plist */,
			);
			path = ListApp;
			sourceTree = "<group>";
		};
		C00DFB2B2923F548003D4520 /* ListAppTests */ = {
			isa = PBXGroup;
			children = (
				C00DFB2C2923F548003D4520 /* ListAppTests.swift */,
			);
			path = ListAppTests;
			sourceTree = "<group>";
		};
		C00DFB352923F548003D4520 /* ListAppUITests */ = {
			isa = PBXGroup;
			children = (
				C00DFB362923F548003D4520 /* ListAppUITests.swift */,
				C00DFB382923F548003D4520 /* ListAppUITestsLaunchTests.swift */,
			);
			path = ListAppUITests;
			sourceTree = "<group>";
		};
		C00DFB4929240230003D4520 /* Containers */ = {
			isa = PBXGroup;
			children = (
				C00DFB4A29240263003D4520 /* List.swift */,
				C00DFB4C29240275003D4520 /* ListInfo.swift */,
			);
			path = Containers;
			sourceTree = "<group>";
		};
		DD5B1ADD2AE9FD0ABE264504 /* Pods */ = {
			isa = PBXGroup;
			children = (
				745782BF132739504ED827EA /* Pods-ListApp.debug.xcconfig */,
				5E04C4386ADD90E0DF39C80B /* Pods-ListApp.release.xcconfig */,
				6B7D95127643BA6727B4A126 /* Pods-ListApp-ListAppUITests.debug.xcconfig */,
				5BBAF8199C3FBBF13269E6C0 /* Pods-ListApp-ListAppUITests.release.xcconfig */,
				C993431BF06C2B6C5FFDE60F /* Pods-ListAppTests.debug.xcconfig */,
				00AAC75A06BE51CE1D0C1116 /* Pods-ListAppTests.release.xcconfig */,
			);
			path = Pods;
			sourceTree = "<group>";
		};
		E3689B6029245E8100160FE9 /* ViewController */ = {
			isa = PBXGroup;
			children = (
				E3689B6129245EA100160FE9 /* AddListViewController.swift */,
				E3778B1D29245FD100B2DE4D /* ListsViewController.swift */,
				E3778B1F29245FD700B2DE4D /* ItemsViewController.swift */,
			);
			path = ViewController;
			sourceTree = "<group>";
		};
		E368E203292451C1006F1F35 /* Recovered References */ = {
			isa = PBXGroup;
			children = (
				E3B0842A292426040028F308 /* ItemCell.swift */,
				E306EC5F2924111A00A44D13 /* AddListViewController.swift */,
				E306EC582923FBCF00A44D13 /* ListsViewController.swift */,
				E306EC5D292407B700A44D13 /* ListCell.swift */,
				E306EC612924171300A44D13 /* ItemsViewController.swift */,
				E306EC5A2923FDF300A44D13 /* LoginViewController.swift */,
				E3B0842C292430E00028F308 /* ItemSearchedCell.swift */,
			);
			name = "Recovered References";
			sourceTree = "<group>";
		};
		E3778B2329256BF700B2DE4D /* TableViewCell */ = {
			isa = PBXGroup;
			children = (
				E3778B2429256C1500B2DE4D /* ItemCell.swift */,
				E3778B2629256C1900B2DE4D /* ItemSearchedCell.swift */,
				E3778B2829256C1E00B2DE4D /* ListCell.swift */,
			);
			path = TableViewCell;
			sourceTree = "<group>";
		};
/* End PBXGroup section */

/* Begin PBXNativeTarget section */
		C00DFB112923F544003D4520 /* ListApp */ = {
			isa = PBXNativeTarget;
			buildConfigurationList = C00DFB3C2923F548003D4520 /* Build configuration list for PBXNativeTarget "ListApp" */;
			buildPhases = (
				D6F8B6ACC22DF341912843F2 /* [CP] Check Pods Manifest.lock */,
				C00DFB0E2923F544003D4520 /* Sources */,
				C00DFB0F2923F544003D4520 /* Frameworks */,
				C00DFB102923F544003D4520 /* Resources */,
				ABD217C84A9CF84B438AE554 /* [CP] Embed Pods Frameworks */,
			);
			buildRules = (
			);
			dependencies = (
			);
			name = ListApp;
			productName = ListApp;
			productReference = C00DFB122923F544003D4520 /* ListApp.app */;
			productType = "com.apple.product-type.application";
		};
		C00DFB272923F548003D4520 /* ListAppTests */ = {
			isa = PBXNativeTarget;
			buildConfigurationList = C00DFB3F2923F548003D4520 /* Build configuration list for PBXNativeTarget "ListAppTests" */;
			buildPhases = (
				62A79634BCBD54EDFEE954F3 /* [CP] Check Pods Manifest.lock */,
				C00DFB242923F548003D4520 /* Sources */,
				C00DFB252923F548003D4520 /* Frameworks */,
				C00DFB262923F548003D4520 /* Resources */,
			);
			buildRules = (
			);
			dependencies = (
				C00DFB2A2923F548003D4520 /* PBXTargetDependency */,
			);
			name = ListAppTests;
			productName = ListAppTests;
			productReference = C00DFB282923F548003D4520 /* ListAppTests.xctest */;
			productType = "com.apple.product-type.bundle.unit-test";
		};
		C00DFB312923F548003D4520 /* ListAppUITests */ = {
			isa = PBXNativeTarget;
			buildConfigurationList = C00DFB422923F548003D4520 /* Build configuration list for PBXNativeTarget "ListAppUITests" */;
			buildPhases = (
				C754CA8519F1551E954758B6 /* [CP] Check Pods Manifest.lock */,
				C00DFB2E2923F548003D4520 /* Sources */,
				C00DFB2F2923F548003D4520 /* Frameworks */,
				C00DFB302923F548003D4520 /* Resources */,
				B45ED6F73FB992D3639C908A /* [CP] Embed Pods Frameworks */,
			);
			buildRules = (
			);
			dependencies = (
				C00DFB342923F548003D4520 /* PBXTargetDependency */,
			);
			name = ListAppUITests;
			productName = ListAppUITests;
			productReference = C00DFB322923F548003D4520 /* ListAppUITests.xctest */;
			productType = "com.apple.product-type.bundle.ui-testing";
		};
/* End PBXNativeTarget section */

/* Begin PBXProject section */
		C00DFB0A2923F544003D4520 /* Project object */ = {
			isa = PBXProject;
			attributes = {
				BuildIndependentTargetsInParallel = 1;
				LastSwiftUpdateCheck = 1340;
				LastUpgradeCheck = 1340;
				TargetAttributes = {
					C00DFB112923F544003D4520 = {
						CreatedOnToolsVersion = 13.4.1;
					};
					C00DFB272923F548003D4520 = {
						CreatedOnToolsVersion = 13.4.1;
						TestTargetID = C00DFB112923F544003D4520;
					};
					C00DFB312923F548003D4520 = {
						CreatedOnToolsVersion = 13.4.1;
						TestTargetID = C00DFB112923F544003D4520;
					};
				};
			};
			buildConfigurationList = C00DFB0D2923F544003D4520 /* Build configuration list for PBXProject "ListApp" */;
			compatibilityVersion = "Xcode 13.0";
			developmentRegion = en;
			hasScannedForEncodings = 0;
			knownRegions = (
				en,
				Base,
			);
			mainGroup = C00DFB092923F544003D4520;
			productRefGroup = C00DFB132923F544003D4520 /* Products */;
			projectDirPath = "";
			projectRoot = "";
			targets = (
				C00DFB112923F544003D4520 /* ListApp */,
				C00DFB272923F548003D4520 /* ListAppTests */,
				C00DFB312923F548003D4520 /* ListAppUITests */,
			);
		};
/* End PBXProject section */

/* Begin PBXResourcesBuildPhase section */
		C00DFB102923F544003D4520 /* Resources */ = {
			isa = PBXResourcesBuildPhase;
			buildActionMask = 2147483647;
			files = (
				C00DFB222923F547003D4520 /* LaunchScreen.storyboard in Resources */,
				C00DFB462923F7E2003D4520 /* Network in Resources */,
				C00DFB1F2923F547003D4520 /* Assets.xcassets in Resources */,
				C00DFB1D2923F544003D4520 /* Main.storyboard in Resources */,
			);
			runOnlyForDeploymentPostprocessing = 0;
		};
		C00DFB262923F548003D4520 /* Resources */ = {
			isa = PBXResourcesBuildPhase;
			buildActionMask = 2147483647;
			files = (
			);
			runOnlyForDeploymentPostprocessing = 0;
		};
		C00DFB302923F548003D4520 /* Resources */ = {
			isa = PBXResourcesBuildPhase;
			buildActionMask = 2147483647;
			files = (
			);
			runOnlyForDeploymentPostprocessing = 0;
		};
/* End PBXResourcesBuildPhase section */

/* Begin PBXShellScriptBuildPhase section */
		62A79634BCBD54EDFEE954F3 /* [CP] Check Pods Manifest.lock */ = {
			isa = PBXShellScriptBuildPhase;
			buildActionMask = 2147483647;
			files = (
			);
			inputFileListPaths = (
			);
			inputPaths = (
				"${PODS_PODFILE_DIR_PATH}/Podfile.lock",
				"${PODS_ROOT}/Manifest.lock",
			);
			name = "[CP] Check Pods Manifest.lock";
			outputFileListPaths = (
			);
			outputPaths = (
				"$(DERIVED_FILE_DIR)/Pods-ListAppTests-checkManifestLockResult.txt",
			);
			runOnlyForDeploymentPostprocessing = 0;
			shellPath = /bin/sh;
			shellScript = "diff \"${PODS_PODFILE_DIR_PATH}/Podfile.lock\" \"${PODS_ROOT}/Manifest.lock\" > /dev/null\nif [ $? != 0 ] ; then\n    # print error to STDERR\n    echo \"error: The sandbox is not in sync with the Podfile.lock. Run 'pod install' or update your CocoaPods installation.\" >&2\n    exit 1\nfi\n# This output is used by Xcode 'outputs' to avoid re-running this script phase.\necho \"SUCCESS\" > \"${SCRIPT_OUTPUT_FILE_0}\"\n";
			showEnvVarsInLog = 0;
		};
		ABD217C84A9CF84B438AE554 /* [CP] Embed Pods Frameworks */ = {
			isa = PBXShellScriptBuildPhase;
			buildActionMask = 2147483647;
			files = (
			);
			inputFileListPaths = (
				"${PODS_ROOT}/Target Support Files/Pods-ListApp/Pods-ListApp-frameworks-${CONFIGURATION}-input-files.xcfilelist",
			);
			name = "[CP] Embed Pods Frameworks";
			outputFileListPaths = (
				"${PODS_ROOT}/Target Support Files/Pods-ListApp/Pods-ListApp-frameworks-${CONFIGURATION}-output-files.xcfilelist",
			);
			runOnlyForDeploymentPostprocessing = 0;
			shellPath = /bin/sh;
			shellScript = "\"${PODS_ROOT}/Target Support Files/Pods-ListApp/Pods-ListApp-frameworks.sh\"\n";
			showEnvVarsInLog = 0;
		};
		B45ED6F73FB992D3639C908A /* [CP] Embed Pods Frameworks */ = {
			isa = PBXShellScriptBuildPhase;
			buildActionMask = 2147483647;
			files = (
			);
			inputFileListPaths = (
				"${PODS_ROOT}/Target Support Files/Pods-ListApp-ListAppUITests/Pods-ListApp-ListAppUITests-frameworks-${CONFIGURATION}-input-files.xcfilelist",
			);
			name = "[CP] Embed Pods Frameworks";
			outputFileListPaths = (
				"${PODS_ROOT}/Target Support Files/Pods-ListApp-ListAppUITests/Pods-ListApp-ListAppUITests-frameworks-${CONFIGURATION}-output-files.xcfilelist",
			);
			runOnlyForDeploymentPostprocessing = 0;
			shellPath = /bin/sh;
			shellScript = "\"${PODS_ROOT}/Target Support Files/Pods-ListApp-ListAppUITests/Pods-ListApp-ListAppUITests-frameworks.sh\"\n";
			showEnvVarsInLog = 0;
		};
		C754CA8519F1551E954758B6 /* [CP] Check Pods Manifest.lock */ = {
			isa = PBXShellScriptBuildPhase;
			buildActionMask = 2147483647;
			files = (
			);
			inputFileListPaths = (
			);
			inputPaths = (
				"${PODS_PODFILE_DIR_PATH}/Podfile.lock",
				"${PODS_ROOT}/Manifest.lock",
			);
			name = "[CP] Check Pods Manifest.lock";
			outputFileListPaths = (
			);
			outputPaths = (
				"$(DERIVED_FILE_DIR)/Pods-ListApp-ListAppUITests-checkManifestLockResult.txt",
			);
			runOnlyForDeploymentPostprocessing = 0;
			shellPath = /bin/sh;
			shellScript = "diff \"${PODS_PODFILE_DIR_PATH}/Podfile.lock\" \"${PODS_ROOT}/Manifest.lock\" > /dev/null\nif [ $? != 0 ] ; then\n    # print error to STDERR\n    echo \"error: The sandbox is not in sync with the Podfile.lock. Run 'pod install' or update your CocoaPods installation.\" >&2\n    exit 1\nfi\n# This output is used by Xcode 'outputs' to avoid re-running this script phase.\necho \"SUCCESS\" > \"${SCRIPT_OUTPUT_FILE_0}\"\n";
			showEnvVarsInLog = 0;
		};
		D6F8B6ACC22DF341912843F2 /* [CP] Check Pods Manifest.lock */ = {
			isa = PBXShellScriptBuildPhase;
			buildActionMask = 2147483647;
			files = (
			);
			inputFileListPaths = (
			);
			inputPaths = (
				"${PODS_PODFILE_DIR_PATH}/Podfile.lock",
				"${PODS_ROOT}/Manifest.lock",
			);
			name = "[CP] Check Pods Manifest.lock";
			outputFileListPaths = (
			);
			outputPaths = (
				"$(DERIVED_FILE_DIR)/Pods-ListApp-checkManifestLockResult.txt",
			);
			runOnlyForDeploymentPostprocessing = 0;
			shellPath = /bin/sh;
			shellScript = "diff \"${PODS_PODFILE_DIR_PATH}/Podfile.lock\" \"${PODS_ROOT}/Manifest.lock\" > /dev/null\nif [ $? != 0 ] ; then\n    # print error to STDERR\n    echo \"error: The sandbox is not in sync with the Podfile.lock. Run 'pod install' or update your CocoaPods installation.\" >&2\n    exit 1\nfi\n# This output is used by Xcode 'outputs' to avoid re-running this script phase.\necho \"SUCCESS\" > \"${SCRIPT_OUTPUT_FILE_0}\"\n";
			showEnvVarsInLog = 0;
		};
/* End PBXShellScriptBuildPhase section */

/* Begin PBXSourcesBuildPhase section */
		C00DFB0E2923F544003D4520 /* Sources */ = {
			isa = PBXSourcesBuildPhase;
			buildActionMask = 2147483647;
			files = (
				E346104729256DDD00080405 /* LoginViewController.swift in Sources */,
				E3778B1E29245FD100B2DE4D /* ListsViewController.swift in Sources */,
				E3778B2529256C1500B2DE4D /* ItemCell.swift in Sources */,
				E3689B6229245EA100160FE9 /* AddListViewController.swift in Sources */,
				E3778B2029245FD700B2DE4D /* ItemsViewController.swift in Sources */,
				E368E20A29245351006F1F35 /* SceneDelegate.swift in Sources */,
				E3778B2929256C1E00B2DE4D /* ListCell.swift in Sources */,
				C00DFB4B29240263003D4520 /* List.swift in Sources */,
				C00DFB162923F544003D4520 /* AppDelegate.swift in Sources */,
				E3778B2729256C1900B2DE4D /* ItemSearchedCell.swift in Sources */,
			);
			runOnlyForDeploymentPostprocessing = 0;
		};
		C00DFB242923F548003D4520 /* Sources */ = {
			isa = PBXSourcesBuildPhase;
			buildActionMask = 2147483647;
			files = (
				C00DFB2D2923F548003D4520 /* ListAppTests.swift in Sources */,
			);
			runOnlyForDeploymentPostprocessing = 0;
		};
		C00DFB2E2923F548003D4520 /* Sources */ = {
			isa = PBXSourcesBuildPhase;
			buildActionMask = 2147483647;
			files = (
				C00DFB392923F548003D4520 /* ListAppUITestsLaunchTests.swift in Sources */,
				C00DFB372923F548003D4520 /* ListAppUITests.swift in Sources */,
			);
			runOnlyForDeploymentPostprocessing = 0;
		};
/* End PBXSourcesBuildPhase section */

/* Begin PBXTargetDependency section */
		C00DFB2A2923F548003D4520 /* PBXTargetDependency */ = {
			isa = PBXTargetDependency;
			target = C00DFB112923F544003D4520 /* ListApp */;
			targetProxy = C00DFB292923F548003D4520 /* PBXContainerItemProxy */;
		};
		C00DFB342923F548003D4520 /* PBXTargetDependency */ = {
			isa = PBXTargetDependency;
			target = C00DFB112923F544003D4520 /* ListApp */;
			targetProxy = C00DFB332923F548003D4520 /* PBXContainerItemProxy */;
		};
/* End PBXTargetDependency section */

/* Begin PBXVariantGroup section */
		C00DFB1B2923F544003D4520 /* Main.storyboard */ = {
			isa = PBXVariantGroup;
			children = (
				C00DFB1C2923F544003D4520 /* Base */,
			);
			name = Main.storyboard;
			sourceTree = "<group>";
		};
		C00DFB202923F547003D4520 /* LaunchScreen.storyboard */ = {
			isa = PBXVariantGroup;
			children = (
				C00DFB212923F547003D4520 /* Base */,
			);
			name = LaunchScreen.storyboard;
			sourceTree = "<group>";
		};
/* End PBXVariantGroup section */

/* Begin XCBuildConfiguration section */
		C00DFB3A2923F548003D4520 /* Debug */ = {
			isa = XCBuildConfiguration;
			buildSettings = {
				ALWAYS_SEARCH_USER_PATHS = NO;
				CLANG_ANALYZER_NONNULL = YES;
				CLANG_ANALYZER_NUMBER_OBJECT_CONVERSION = YES_AGGRESSIVE;
				CLANG_CXX_LANGUAGE_STANDARD = "gnu++17";
				CLANG_ENABLE_MODULES = YES;
				CLANG_ENABLE_OBJC_ARC = YES;
				CLANG_ENABLE_OBJC_WEAK = YES;
				CLANG_WARN_BLOCK_CAPTURE_AUTORELEASING = YES;
				CLANG_WARN_BOOL_CONVERSION = YES;
				CLANG_WARN_COMMA = YES;
				CLANG_WARN_CONSTANT_CONVERSION = YES;
				CLANG_WARN_DEPRECATED_OBJC_IMPLEMENTATIONS = YES;
				CLANG_WARN_DIRECT_OBJC_ISA_USAGE = YES_ERROR;
				CLANG_WARN_DOCUMENTATION_COMMENTS = YES;
				CLANG_WARN_EMPTY_BODY = YES;
				CLANG_WARN_ENUM_CONVERSION = YES;
				CLANG_WARN_INFINITE_RECURSION = YES;
				CLANG_WARN_INT_CONVERSION = YES;
				CLANG_WARN_NON_LITERAL_NULL_CONVERSION = YES;
				CLANG_WARN_OBJC_IMPLICIT_RETAIN_SELF = YES;
				CLANG_WARN_OBJC_LITERAL_CONVERSION = YES;
				CLANG_WARN_OBJC_ROOT_CLASS = YES_ERROR;
				CLANG_WARN_QUOTED_INCLUDE_IN_FRAMEWORK_HEADER = YES;
				CLANG_WARN_RANGE_LOOP_ANALYSIS = YES;
				CLANG_WARN_STRICT_PROTOTYPES = YES;
				CLANG_WARN_SUSPICIOUS_MOVE = YES;
				CLANG_WARN_UNGUARDED_AVAILABILITY = YES_AGGRESSIVE;
				CLANG_WARN_UNREACHABLE_CODE = YES;
				CLANG_WARN__DUPLICATE_METHOD_MATCH = YES;
				COPY_PHASE_STRIP = NO;
				DEBUG_INFORMATION_FORMAT = dwarf;
				ENABLE_STRICT_OBJC_MSGSEND = YES;
				ENABLE_TESTABILITY = YES;
				GCC_C_LANGUAGE_STANDARD = gnu11;
				GCC_DYNAMIC_NO_PIC = NO;
				GCC_NO_COMMON_BLOCKS = YES;
				GCC_OPTIMIZATION_LEVEL = 0;
				GCC_PREPROCESSOR_DEFINITIONS = (
					"DEBUG=1",
					"$(inherited)",
				);
				GCC_WARN_64_TO_32_BIT_CONVERSION = YES;
				GCC_WARN_ABOUT_RETURN_TYPE = YES_ERROR;
				GCC_WARN_UNDECLARED_SELECTOR = YES;
				GCC_WARN_UNINITIALIZED_AUTOS = YES_AGGRESSIVE;
				GCC_WARN_UNUSED_FUNCTION = YES;
				GCC_WARN_UNUSED_VARIABLE = YES;
				IPHONEOS_DEPLOYMENT_TARGET = 15.5;
				MTL_ENABLE_DEBUG_INFO = INCLUDE_SOURCE;
				MTL_FAST_MATH = YES;
				ONLY_ACTIVE_ARCH = YES;
				SDKROOT = iphoneos;
				SWIFT_ACTIVE_COMPILATION_CONDITIONS = DEBUG;
				SWIFT_OPTIMIZATION_LEVEL = "-Onone";
			};
			name = Debug;
		};
		C00DFB3B2923F548003D4520 /* Release */ = {
			isa = XCBuildConfiguration;
			buildSettings = {
				ALWAYS_SEARCH_USER_PATHS = NO;
				CLANG_ANALYZER_NONNULL = YES;
				CLANG_ANALYZER_NUMBER_OBJECT_CONVERSION = YES_AGGRESSIVE;
				CLANG_CXX_LANGUAGE_STANDARD = "gnu++17";
				CLANG_ENABLE_MODULES = YES;
				CLANG_ENABLE_OBJC_ARC = YES;
				CLANG_ENABLE_OBJC_WEAK = YES;
				CLANG_WARN_BLOCK_CAPTURE_AUTORELEASING = YES;
				CLANG_WARN_BOOL_CONVERSION = YES;
				CLANG_WARN_COMMA = YES;
				CLANG_WARN_CONSTANT_CONVERSION = YES;
				CLANG_WARN_DEPRECATED_OBJC_IMPLEMENTATIONS = YES;
				CLANG_WARN_DIRECT_OBJC_ISA_USAGE = YES_ERROR;
				CLANG_WARN_DOCUMENTATION_COMMENTS = YES;
				CLANG_WARN_EMPTY_BODY = YES;
				CLANG_WARN_ENUM_CONVERSION = YES;
				CLANG_WARN_INFINITE_RECURSION = YES;
				CLANG_WARN_INT_CONVERSION = YES;
				CLANG_WARN_NON_LITERAL_NULL_CONVERSION = YES;
				CLANG_WARN_OBJC_IMPLICIT_RETAIN_SELF = YES;
				CLANG_WARN_OBJC_LITERAL_CONVERSION = YES;
				CLANG_WARN_OBJC_ROOT_CLASS = YES_ERROR;
				CLANG_WARN_QUOTED_INCLUDE_IN_FRAMEWORK_HEADER = YES;
				CLANG_WARN_RANGE_LOOP_ANALYSIS = YES;
				CLANG_WARN_STRICT_PROTOTYPES = YES;
				CLANG_WARN_SUSPICIOUS_MOVE = YES;
				CLANG_WARN_UNGUARDED_AVAILABILITY = YES_AGGRESSIVE;
				CLANG_WARN_UNREACHABLE_CODE = YES;
				CLANG_WARN__DUPLICATE_METHOD_MATCH = YES;
				COPY_PHASE_STRIP = NO;
				DEBUG_INFORMATION_FORMAT = "dwarf-with-dsym";
				ENABLE_NS_ASSERTIONS = NO;
				ENABLE_STRICT_OBJC_MSGSEND = YES;
				GCC_C_LANGUAGE_STANDARD = gnu11;
				GCC_NO_COMMON_BLOCKS = YES;
				GCC_WARN_64_TO_32_BIT_CONVERSION = YES;
				GCC_WARN_ABOUT_RETURN_TYPE = YES_ERROR;
				GCC_WARN_UNDECLARED_SELECTOR = YES;
				GCC_WARN_UNINITIALIZED_AUTOS = YES_AGGRESSIVE;
				GCC_WARN_UNUSED_FUNCTION = YES;
				GCC_WARN_UNUSED_VARIABLE = YES;
				IPHONEOS_DEPLOYMENT_TARGET = 15.5;
				MTL_ENABLE_DEBUG_INFO = NO;
				MTL_FAST_MATH = YES;
				SDKROOT = iphoneos;
				SWIFT_COMPILATION_MODE = wholemodule;
				SWIFT_OPTIMIZATION_LEVEL = "-O";
				VALIDATE_PRODUCT = YES;
			};
			name = Release;
		};
		C00DFB3D2923F548003D4520 /* Debug */ = {
			isa = XCBuildConfiguration;
			baseConfigurationReference = 745782BF132739504ED827EA /* Pods-ListApp.debug.xcconfig */;
			buildSettings = {
				ASSETCATALOG_COMPILER_APPICON_NAME = AppIcon;
				ASSETCATALOG_COMPILER_GLOBAL_ACCENT_COLOR_NAME = AccentColor;
				CODE_SIGN_STYLE = Automatic;
				CURRENT_PROJECT_VERSION = 1;
				DEVELOPMENT_TEAM = C4H37AC9TB;
				GENERATE_INFOPLIST_FILE = YES;
				INFOPLIST_FILE = ListApp/Info.plist;
				INFOPLIST_KEY_UIApplicationSupportsIndirectInputEvents = YES;
				INFOPLIST_KEY_UILaunchStoryboardName = LaunchScreen;
				INFOPLIST_KEY_UIMainStoryboardFile = Main;
				INFOPLIST_KEY_UISupportedInterfaceOrientations_iPad = "UIInterfaceOrientationPortrait UIInterfaceOrientationPortraitUpsideDown UIInterfaceOrientationLandscapeLeft UIInterfaceOrientationLandscapeRight";
				INFOPLIST_KEY_UISupportedInterfaceOrientations_iPhone = "UIInterfaceOrientationPortrait UIInterfaceOrientationLandscapeLeft UIInterfaceOrientationLandscapeRight";
				LD_RUNPATH_SEARCH_PATHS = (
					"$(inherited)",
					"@executable_path/Frameworks",
				);
				MARKETING_VERSION = 1.0;
				PRODUCT_BUNDLE_IDENTIFIER = com.xander34.ListApp;
				PRODUCT_NAME = "$(TARGET_NAME)";
				SWIFT_EMIT_LOC_STRINGS = YES;
				SWIFT_VERSION = 5.0;
				TARGETED_DEVICE_FAMILY = "1,2";
			};
			name = Debug;
		};
		C00DFB3E2923F548003D4520 /* Release */ = {
			isa = XCBuildConfiguration;
			baseConfigurationReference = 5E04C4386ADD90E0DF39C80B /* Pods-ListApp.release.xcconfig */;
			buildSettings = {
				ASSETCATALOG_COMPILER_APPICON_NAME = AppIcon;
				ASSETCATALOG_COMPILER_GLOBAL_ACCENT_COLOR_NAME = AccentColor;
				CODE_SIGN_STYLE = Automatic;
				CURRENT_PROJECT_VERSION = 1;
				DEVELOPMENT_TEAM = C4H37AC9TB;
				GENERATE_INFOPLIST_FILE = YES;
				INFOPLIST_FILE = ListApp/Info.plist;
				INFOPLIST_KEY_UIApplicationSupportsIndirectInputEvents = YES;
				INFOPLIST_KEY_UILaunchStoryboardName = LaunchScreen;
				INFOPLIST_KEY_UIMainStoryboardFile = Main;
				INFOPLIST_KEY_UISupportedInterfaceOrientations_iPad = "UIInterfaceOrientationPortrait UIInterfaceOrientationPortraitUpsideDown UIInterfaceOrientationLandscapeLeft UIInterfaceOrientationLandscapeRight";
				INFOPLIST_KEY_UISupportedInterfaceOrientations_iPhone = "UIInterfaceOrientationPortrait UIInterfaceOrientationLandscapeLeft UIInterfaceOrientationLandscapeRight";
				LD_RUNPATH_SEARCH_PATHS = (
					"$(inherited)",
					"@executable_path/Frameworks",
				);
				MARKETING_VERSION = 1.0;
				PRODUCT_BUNDLE_IDENTIFIER = com.xander34.ListApp;
				PRODUCT_NAME = "$(TARGET_NAME)";
				SWIFT_EMIT_LOC_STRINGS = YES;
				SWIFT_VERSION = 5.0;
				TARGETED_DEVICE_FAMILY = "1,2";
			};
			name = Release;
		};
		C00DFB402923F548003D4520 /* Debug */ = {
			isa = XCBuildConfiguration;
			baseConfigurationReference = C993431BF06C2B6C5FFDE60F /* Pods-ListAppTests.debug.xcconfig */;
			buildSettings = {
				ALWAYS_EMBED_SWIFT_STANDARD_LIBRARIES = YES;
				BUNDLE_LOADER = "$(TEST_HOST)";
				CODE_SIGN_STYLE = Automatic;
				CURRENT_PROJECT_VERSION = 1;
				DEVELOPMENT_TEAM = C4H37AC9TB;
				GENERATE_INFOPLIST_FILE = YES;
				IPHONEOS_DEPLOYMENT_TARGET = 15.5;
				MARKETING_VERSION = 1.0;
				PRODUCT_BUNDLE_IDENTIFIER = com.xander34.ListAppTests;
				PRODUCT_NAME = "$(TARGET_NAME)";
				SWIFT_EMIT_LOC_STRINGS = NO;
				SWIFT_VERSION = 5.0;
				TARGETED_DEVICE_FAMILY = "1,2";
				TEST_HOST = "$(BUILT_PRODUCTS_DIR)/ListApp.app/ListApp";
			};
			name = Debug;
		};
		C00DFB412923F548003D4520 /* Release */ = {
			isa = XCBuildConfiguration;
			baseConfigurationReference = 00AAC75A06BE51CE1D0C1116 /* Pods-ListAppTests.release.xcconfig */;
			buildSettings = {
				ALWAYS_EMBED_SWIFT_STANDARD_LIBRARIES = YES;
				BUNDLE_LOADER = "$(TEST_HOST)";
				CODE_SIGN_STYLE = Automatic;
				CURRENT_PROJECT_VERSION = 1;
				DEVELOPMENT_TEAM = C4H37AC9TB;
				GENERATE_INFOPLIST_FILE = YES;
				IPHONEOS_DEPLOYMENT_TARGET = 15.5;
				MARKETING_VERSION = 1.0;
				PRODUCT_BUNDLE_IDENTIFIER = com.xander34.ListAppTests;
				PRODUCT_NAME = "$(TARGET_NAME)";
				SWIFT_EMIT_LOC_STRINGS = NO;
				SWIFT_VERSION = 5.0;
				TARGETED_DEVICE_FAMILY = "1,2";
				TEST_HOST = "$(BUILT_PRODUCTS_DIR)/ListApp.app/ListApp";
			};
			name = Release;
		};
		C00DFB432923F548003D4520 /* Debug */ = {
			isa = XCBuildConfiguration;
			baseConfigurationReference = 6B7D95127643BA6727B4A126 /* Pods-ListApp-ListAppUITests.debug.xcconfig */;
			buildSettings = {
				ALWAYS_EMBED_SWIFT_STANDARD_LIBRARIES = YES;
				CODE_SIGN_STYLE = Automatic;
				CURRENT_PROJECT_VERSION = 1;
				DEVELOPMENT_TEAM = C4H37AC9TB;
				GENERATE_INFOPLIST_FILE = YES;
				MARKETING_VERSION = 1.0;
				PRODUCT_BUNDLE_IDENTIFIER = com.xander34.ListAppUITests;
				PRODUCT_NAME = "$(TARGET_NAME)";
				SWIFT_EMIT_LOC_STRINGS = NO;
				SWIFT_VERSION = 5.0;
				TARGETED_DEVICE_FAMILY = "1,2";
				TEST_TARGET_NAME = ListApp;
			};
			name = Debug;
		};
		C00DFB442923F548003D4520 /* Release */ = {
			isa = XCBuildConfiguration;
			baseConfigurationReference = 5BBAF8199C3FBBF13269E6C0 /* Pods-ListApp-ListAppUITests.release.xcconfig */;
			buildSettings = {
				ALWAYS_EMBED_SWIFT_STANDARD_LIBRARIES = YES;
				CODE_SIGN_STYLE = Automatic;
				CURRENT_PROJECT_VERSION = 1;
				DEVELOPMENT_TEAM = C4H37AC9TB;
				GENERATE_INFOPLIST_FILE = YES;
				MARKETING_VERSION = 1.0;
				PRODUCT_BUNDLE_IDENTIFIER = com.xander34.ListAppUITests;
				PRODUCT_NAME = "$(TARGET_NAME)";
				SWIFT_EMIT_LOC_STRINGS = NO;
				SWIFT_VERSION = 5.0;
				TARGETED_DEVICE_FAMILY = "1,2";
				TEST_TARGET_NAME = ListApp;
			};
			name = Release;
		};
/* End XCBuildConfiguration section */

/* Begin XCConfigurationList section */
		C00DFB0D2923F544003D4520 /* Build configuration list for PBXProject "ListApp" */ = {
			isa = XCConfigurationList;
			buildConfigurations = (
				C00DFB3A2923F548003D4520 /* Debug */,
				C00DFB3B2923F548003D4520 /* Release */,
			);
			defaultConfigurationIsVisible = 0;
			defaultConfigurationName = Release;
		};
		C00DFB3C2923F548003D4520 /* Build configuration list for PBXNativeTarget "ListApp" */ = {
			isa = XCConfigurationList;
			buildConfigurations = (
				C00DFB3D2923F548003D4520 /* Debug */,
				C00DFB3E2923F548003D4520 /* Release */,
			);
			defaultConfigurationIsVisible = 0;
			defaultConfigurationName = Release;
		};
		C00DFB3F2923F548003D4520 /* Build configuration list for PBXNativeTarget "ListAppTests" */ = {
			isa = XCConfigurationList;
			buildConfigurations = (
				C00DFB402923F548003D4520 /* Debug */,
				C00DFB412923F548003D4520 /* Release */,
			);
			defaultConfigurationIsVisible = 0;
			defaultConfigurationName = Release;
		};
		C00DFB422923F548003D4520 /* Build configuration list for PBXNativeTarget "ListAppUITests" */ = {
			isa = XCConfigurationList;
			buildConfigurations = (
				C00DFB432923F548003D4520 /* Debug */,
				C00DFB442923F548003D4520 /* Release */,
			);
			defaultConfigurationIsVisible = 0;
			defaultConfigurationName = Release;
		};
/* End XCConfigurationList section */
	};
	rootObject = C00DFB0A2923F544003D4520 /* Project object */;
}
